
Microsoft Visual Studio Solution File, Format Version 10.00
# Visual Studio 2008
Project("{FAE04EC0-301F-11D3-BF4B-00C04F79EFBC}") = "WordPlay", "WordPlay\WordPlay.csproj", "{DDA58200-9D68-4554-A020-184931453EA2}"
EndProject
Global
	GlobalSection(SolutionConfigurationPlatforms) = preSolution
		Debug|Any CPU = Debug|Any CPU
		Release|Any CPU = Release|Any CPU
	EndGlobalSection
	GlobalSection(ProjectConfigurationPlatforms) = postSolution
		{DDA58200-9D68-4554-A020-184931453EA2}.Debug|Any CPU.ActiveCfg = Debug|Any CPU
		{DDA58200-9D68-4554-A020-184931453EA2}.Debug|Any CPU.Build.0 = Debug|Any CPU
		{DDA58200-9D68-4554-A020-184931453EA2}.Release|Any CPU.ActiveCfg = Release|Any CPU
		{DDA58200-9D68-4554-A020-184931453EA2}.Release|Any CPU.Build.0 = Release|Any CPU
	EndGlobalSection
	GlobalSection(SolutionProperties) = preSolution
		HideSolutionNode = FALSE
	EndGlobalSection
EndGlobal
